
Microsoft Visual Studio Solution File, Format Version 12.00
# Visual Studio Version 17
VisualStudioVersion = 17.11.35208.52
MinimumVisualStudioVersion = 10.0.40219.1
Project("{2150E333-8FDC-42A3-9474-1A3956D46DE8}") = "src", "src", "{60C30881-7899-4164-AF35-7164000D45E0}"
EndProject
Project("{2150E333-8FDC-42A3-9474-1A3956D46DE8}") = "test", "test", "{E28EAD70-E15A-428D-81D7-1B0A92B8ECDD}"
EndProject
Project("{2150E333-8FDC-42A3-9474-1A3956D46DE8}") = "APIs", "APIs", "{790A2870-38A3-432A-84AE-9E3DEA4EB345}"
EndProject
Project("{2150E333-8FDC-42A3-9474-1A3956D46DE8}") = "Core", "Core", "{AC2BEB16-37FB-4470-88DD-4F1E452B5AA0}"
EndProject
Project("{2150E333-8FDC-42A3-9474-1A3956D46DE8}") = "Infrastructure", "Infrastructure", "{8AF7C05A-FF8D-4FFF-A963-8CD377088373}"
EndProject
Project("{2150E333-8FDC-42A3-9474-1A3956D46DE8}") = "UI", "UI", "{3E329411-74CA-4F02-8D8F-2E896DF12B99}"
EndProject
Project("{2150E333-8FDC-42A3-9474-1A3956D46DE8}") = "Client", "Client", "{10CCC206-72E8-41FA-AC3C-B648CACBFD75}"
EndProject
Project("{2150E333-8FDC-42A3-9474-1A3956D46DE8}") = "Dashboard", "Dashboard", "{5BB9F19E-4700-42F7-ACDE-62B559FEE6D6}"
EndProject
Project("{9A19103F-16F7-4668-BE54-9A1E7A4F7556}") = "LinkDev.Talabat.APIs", "LinkDev.Talabat.APIs\LinkDev.Talabat.APIs.csproj", "{D72C7DF6-D92A-422E-A313-D8B0EFCF8A4C}"
EndProject
Project("{FAE04EC0-301F-11D3-BF4B-00C04F79EFBC}") = "LinkDev.Talabat.Domain", "LinkDev.Talabat.Domain\LinkDev.Talabat.Domain.csproj", "{02E30DDD-6507-41F7-83BE-9D2E6A7FC080}"
EndProject
Project("{FAE04EC0-301F-11D3-BF4B-00C04F79EFBC}") = "LinkDev.Talabat.Application", "LinkDev.Talabat.Application\LinkDev.Talabat.Application.csproj", "{060378B8-236F-4133-A2F0-2705271A795C}"
EndProject
Project("{FAE04EC0-301F-11D3-BF4B-00C04F79EFBC}") = "LinkDev.Talabat.Application.Abstraction", "LinkDev.Talabat.Application.Abstraction\LinkDev.Talabat.Application.Abstraction.csproj", "{A4835C06-0719-4E60-BB13-7A338E510233}"
EndProject
Project("{FAE04EC0-301F-11D3-BF4B-00C04F79EFBC}") = "LinkDev.Talabat.Infrastucture", "LinkDev.Talabat.Infrastucture\LinkDev.Talabat.Infrastucture.csproj", "{F6738DF2-39D0-4093-BD9F-CC4EF5DFD530}"
EndProject
Project("{FAE04EC0-301F-11D3-BF4B-00C04F79EFBC}") = "LinkDev.Talabat.Infrastucture.Persistance", "LinkDev.Talabat.Infrastucture.Persistance\LinkDev.Talabat.Infrastucture.Persistance.csproj", "{56288A98-5D7C-4D6D-AC62-0C1C6865F905}"
EndProject
Project("{FAE04EC0-301F-11D3-BF4B-00C04F79EFBC}") = "LinkDev.Talabat.Dashboard", "LinkDev.Talabat.Dashboard\LinkDev.Talabat.Dashboard.csproj", "{91DAF804-12B6-4A99-ABAA-CA7BBCD77361}"
EndProject
Global
	GlobalSection(SolutionConfigurationPlatforms) = preSolution
		Debug|Any CPU = Debug|Any CPU
		Release|Any CPU = Release|Any CPU
	EndGlobalSection
	GlobalSection(ProjectConfigurationPlatforms) = postSolution
		{D72C7DF6-D92A-422E-A313-D8B0EFCF8A4C}.Debug|Any CPU.ActiveCfg = Debug|Any CPU
		{D72C7DF6-D92A-422E-A313-D8B0EFCF8A4C}.Debug|Any CPU.Build.0 = Debug|Any CPU
		{D72C7DF6-D92A-422E-A313-D8B0EFCF8A4C}.Release|Any CPU.ActiveCfg = Release|Any CPU
		{D72C7DF6-D92A-422E-A313-D8B0EFCF8A4C}.Release|Any CPU.Build.0 = Release|Any CPU
		{02E30DDD-6507-41F7-83BE-9D2E6A7FC080}.Debug|Any CPU.ActiveCfg = Debug|Any CPU
		{02E30DDD-6507-41F7-83BE-9D2E6A7FC080}.Debug|Any CPU.Build.0 = Debug|Any CPU
		{02E30DDD-6507-41F7-83BE-9D2E6A7FC080}.Release|Any CPU.ActiveCfg = Release|Any CPU
		{02E30DDD-6507-41F7-83BE-9D2E6A7FC080}.Release|Any CPU.Build.0 = Release|Any CPU
		{060378B8-236F-4133-A2F0-2705271A795C}.Debug|Any CPU.ActiveCfg = Debug|Any CPU
		{060378B8-236F-4133-A2F0-2705271A795C}.Debug|Any CPU.Build.0 = Debug|Any CPU
		{060378B8-236F-4133-A2F0-2705271A795C}.Release|Any CPU.ActiveCfg = Release|Any CPU
		{060378B8-236F-4133-A2F0-2705271A795C}.Release|Any CPU.Build.0 = Release|Any CPU
		{A4835C06-0719-4E60-BB13-7A338E510233}.Debug|Any CPU.ActiveCfg = Debug|Any CPU
		{A4835C06-0719-4E60-BB13-7A338E510233}.Debug|Any CPU.Build.0 = Debug|Any CPU
		{A4835C06-0719-4E60-BB13-7A338E510233}.Release|Any CPU.ActiveCfg = Release|Any CPU
		{A4835C06-0719-4E60-BB13-7A338E510233}.Release|Any CPU.Build.0 = Release|Any CPU
		{F6738DF2-39D0-4093-BD9F-CC4EF5DFD530}.Debug|Any CPU.ActiveCfg = Debug|Any CPU
		{F6738DF2-39D0-4093-BD9F-CC4EF5DFD530}.Debug|Any CPU.Build.0 = Debug|Any CPU
		{F6738DF2-39D0-4093-BD9F-CC4EF5DFD530}.Release|Any CPU.ActiveCfg = Release|Any CPU
		{F6738DF2-39D0-4093-BD9F-CC4EF5DFD530}.Release|Any CPU.Build.0 = Release|Any CPU
		{56288A98-5D7C-4D6D-AC62-0C1C6865F905}.Debug|Any CPU.ActiveCfg = Debug|Any CPU
		{56288A98-5D7C-4D6D-AC62-0C1C6865F905}.Debug|Any CPU.Build.0 = Debug|Any CPU
		{56288A98-5D7C-4D6D-AC62-0C1C6865F905}.Release|Any CPU.ActiveCfg = Release|Any CPU
		{56288A98-5D7C-4D6D-AC62-0C1C6865F905}.Release|Any CPU.Build.0 = Release|Any CPU
		{91DAF804-12B6-4A99-ABAA-CA7BBCD77361}.Debug|Any CPU.ActiveCfg = Debug|Any CPU
		{91DAF804-12B6-4A99-ABAA-CA7BBCD77361}.Debug|Any CPU.Build.0 = Debug|Any CPU
		{91DAF804-12B6-4A99-ABAA-CA7BBCD77361}.Release|Any CPU.ActiveCfg = Release|Any CPU
		{91DAF804-12B6-4A99-ABAA-CA7BBCD77361}.Release|Any CPU.Build.0 = Release|Any CPU
	EndGlobalSection
	GlobalSection(SolutionProperties) = preSolution
		HideSolutionNode = FALSE
	EndGlobalSection
	GlobalSection(NestedProjects) = preSolution
		{790A2870-38A3-432A-84AE-9E3DEA4EB345} = {60C30881-7899-4164-AF35-7164000D45E0}
		{AC2BEB16-37FB-4470-88DD-4F1E452B5AA0} = {60C30881-7899-4164-AF35-7164000D45E0}
		{8AF7C05A-FF8D-4FFF-A963-8CD377088373} = {60C30881-7899-4164-AF35-7164000D45E0}
		{3E329411-74CA-4F02-8D8F-2E896DF12B99} = {60C30881-7899-4164-AF35-7164000D45E0}
		{10CCC206-72E8-41FA-AC3C-B648CACBFD75} = {3E329411-74CA-4F02-8D8F-2E896DF12B99}
		{5BB9F19E-4700-42F7-ACDE-62B559FEE6D6} = {3E329411-74CA-4F02-8D8F-2E896DF12B99}
		{D72C7DF6-D92A-422E-A313-D8B0EFCF8A4C} = {790A2870-38A3-432A-84AE-9E3DEA4EB345}
		{02E30DDD-6507-41F7-83BE-9D2E6A7FC080} = {AC2BEB16-37FB-4470-88DD-4F1E452B5AA0}
		{060378B8-236F-4133-A2F0-2705271A795C} = {AC2BEB16-37FB-4470-88DD-4F1E452B5AA0}
		{A4835C06-0719-4E60-BB13-7A338E510233} = {AC2BEB16-37FB-4470-88DD-4F1E452B5AA0}
		{F6738DF2-39D0-4093-BD9F-CC4EF5DFD530} = {8AF7C05A-FF8D-4FFF-A963-8CD377088373}
		{56288A98-5D7C-4D6D-AC62-0C1C6865F905} = {8AF7C05A-FF8D-4FFF-A963-8CD377088373}
		{91DAF804-12B6-4A99-ABAA-CA7BBCD77361} = {5BB9F19E-4700-42F7-ACDE-62B559FEE6D6}
	EndGlobalSection
	GlobalSection(ExtensibilityGlobals) = postSolution
		SolutionGuid = {47331B13-057B-4210-A0A0-D8E5BE4EA6DB}
	EndGlobalSection
EndGlobal
